
Microsoft Visual Studio Solution File, Format Version 12.00
# Visual Studio Version 16
VisualStudioVersion = 16.0.29326.143
MinimumVisualStudioVersion = 10.0.40219.1
Project("{FAE04EC0-301F-11D3-BF4B-00C04F79EFBC}") = "Autoservicio", "TallerFinal_PradoVera\Autoservicio.csproj", "{A17EE87B-3891-49CB-86A9-8DF460241219}"
EndProject
Project("{2150E333-8FDC-42A3-9474-1A3956D46DE8}") = "Solution Items", "Solution Items", "{1CA43286-0D01-4E00-80A1-1308A2658348}"
	ProjectSection(SolutionItems) = preProject
		TallerFinal_PradoVera\DAL\EntityFramework\RepositorioRegistroDeOperaciones.cs = TallerFinal_PradoVera\DAL\EntityFramework\RepositorioRegistroDeOperaciones.cs
		TallerFinal_PradoVera\Vitacora.cs = TallerFinal_PradoVera\Vitacora.cs
	EndProjectSection
EndProject
Project("{FAE04EC0-301F-11D3-BF4B-00C04F79EFBC}") = "AutoservicioUnitTest", "AutoservicioUnitTest\AutoservicioUnitTest.csproj", "{61E246B0-E755-4FF8-BDDA-C07FCFE16F28}"
EndProject
Global
	GlobalSection(SolutionConfigurationPlatforms) = preSolution
		Debug|Any CPU = Debug|Any CPU
		Release|Any CPU = Release|Any CPU
	EndGlobalSection
	GlobalSection(ProjectConfigurationPlatforms) = postSolution
		{A17EE87B-3891-49CB-86A9-8DF460241219}.Debug|Any CPU.ActiveCfg = Debug|Any CPU
		{A17EE87B-3891-49CB-86A9-8DF460241219}.Debug|Any CPU.Build.0 = Debug|Any CPU
		{A17EE87B-3891-49CB-86A9-8DF460241219}.Release|Any CPU.ActiveCfg = Release|Any CPU
		{A17EE87B-3891-49CB-86A9-8DF460241219}.Release|Any CPU.Build.0 = Release|Any CPU
		{61E246B0-E755-4FF8-BDDA-C07FCFE16F28}.Debug|Any CPU.ActiveCfg = Debug|Any CPU
		{61E246B0-E755-4FF8-BDDA-C07FCFE16F28}.Debug|Any CPU.Build.0 = Debug|Any CPU
		{61E246B0-E755-4FF8-BDDA-C07FCFE16F28}.Release|Any CPU.ActiveCfg = Release|Any CPU
		{61E246B0-E755-4FF8-BDDA-C07FCFE16F28}.Release|Any CPU.Build.0 = Release|Any CPU
	EndGlobalSection
	GlobalSection(SolutionProperties) = preSolution
		HideSolutionNode = FALSE
	EndGlobalSection
	GlobalSection(ExtensibilityGlobals) = postSolution
		SolutionGuid = {7B2213EF-1850-4F2A-B3F4-6E7EB1F0AE2D}
	EndGlobalSection
EndGlobal
